// !$*UTF8*$!
{
	archiveVersion = 1;
	classes = {
	};
	objectVersion = 46;
	objects = {

/* Begin PBXBuildFile section */
		A1086BA71AE6DF94004A75BC /* main.cpp in Sources */ = {isa = PBXBuildFile; fileRef = A1086BA61AE6DF94004A75BC /* main.cpp */; };
/* End PBXBuildFile section */

/* Begin PBXCopyFilesBuildPhase section */
		A1086BA11AE6DF94004A75BC /* CopyFiles */ = {
			isa = PBXCopyFilesBuildPhase;
			buildActionMask = 2147483647;
			dstPath = /usr/share/man/man1/;
			dstSubfolderSpec = 0;
			files = (
			);
			runOnlyForDeploymentPostprocessing = 1;
		};
/* End PBXCopyFilesBuildPhase section */

/* Begin PBXFileReference section */
		A1086BA31AE6DF94004A75BC /* TravisTest */ = {isa = PBXFileReference; explicitFileType = "compiled.mach-o.executable"; includeInIndex = 0; path = TravisTest; sourceTree = BUILT_PRODUCTS_DIR; };
		A1086BA61AE6DF94004A75BC /* main.cpp */ = {isa = PBXFileReference; lastKnownFileType = sourcecode.cpp.cpp; path = main.cpp; sourceTree = "<group>"; };
		A1086BAE1AE6E82A004A75BC /* en */ = {isa = PBXFileReference; lastKnownFileType = text; name = en; path = en.lproj/.travis.yml; sourceTree = "<group>"; };
/* End PBXFileReference section */

/* Begin PBXFrameworksBuildPhase section */
		A1086BA01AE6DF94004A75BC /* Frameworks */ = {
			isa = PBXFrameworksBuildPhase;
			buildActionMask = 2147483647;
			files = (
			);
			runOnlyForDeploymentPostprocessing = 0;
		};
/* End PBXFrameworksBuildPhase section */

/* Begin PBXGroup section */
		A1086B9A1AE6DF94004A75BC = {
			isa = PBXGroup;
			children = (
				A1086BAF1AE6E82A004A75BC /* .travis.yml */,
				A1086BA51AE6DF94004A75BC /* TravisTest */,
				A1086BA41AE6DF94004A75BC /* Products */,
			);
			sourceTree = "<group>";
		};
		A1086BA41AE6DF94004A75BC /* Products */ = {
			isa = PBXGroup;
			children = (
				A1086BA31AE6DF94004A75BC /* TravisTest */,
			);
			name = Products;
			sourceTree = "<group>";
		};
		A1086BA51AE6DF94004A75BC /* TravisTest */ = {
			isa = PBXGroup;
			children = (
				A1086BA61AE6DF94004A75BC /* main.cpp */,
			);
			path = TravisTest;
			sourceTree = "<group>";
		};
/* End PBXGroup section */

/* Begin PBXNativeTarget section */
		A1086BA21AE6DF94004A75BC /* TravisTest */ = {
			isa = PBXNativeTarget;
			buildConfigurationList = A1086BAA1AE6DF94004A75BC /* Build configuration list for PBXNativeTarget "TravisTest" */;
			buildPhases = (
				A1086B9F1AE6DF94004A75BC /* Sources */,
				A1086BA01AE6DF94004A75BC /* Frameworks */,
				A1086BA11AE6DF94004A75BC /* CopyFiles */,
			);
			buildRules = (
			);
			dependencies = (
			);
			name = TravisTest;
			productName = TravisTest;
			productReference = A1086BA31AE6DF94004A75BC /* TravisTest */;
			productType = "com.apple.product-type.tool";
		};
/* End PBXNativeTarget section */

/* Begin PBXProject section */
		A1086B9B1AE6DF94004A75BC /* Project object */ = {
			isa = PBXProject;
			attributes = {
				LastUpgradeCheck = 0630;
				ORGANIZATIONNAME = "Nikki Chumakov";
				TargetAttributes = {
					A1086BA21AE6DF94004A75BC = {
						CreatedOnToolsVersion = 6.3;
					};
				};
			};
			buildConfigurationList = A1086B9E1AE6DF94004A75BC /* Build configuration list for PBXProject "TravisTest" */;
			compatibilityVersion = "Xcode 3.2";
			developmentRegion = English;
			hasScannedForEncodings = 0;
			knownRegions = (
				en,
			);
			mainGroup = A1086B9A1AE6DF94004A75BC;
			productRefGroup = A1086BA41AE6DF94004A75BC /* Products */;
			projectDirPath = "";
			projectRoot = "";
			targets = (
				A1086BA21AE6DF94004A75BC /* TravisTest */,
			);
		};
/* End PBXProject section */

/* Begin PBXSourcesBuildPhase section */
		A1086B9F1AE6DF94004A75BC /* Sources */ = {
			isa = PBXSourcesBuildPhase;
			buildActionMask = 2147483647;
			files = (
				A1086BA71AE6DF94004A75BC /* main.cpp in Sources */,
			);
			runOnlyForDeploymentPostprocessing = 0;
		};
/* End PBXSourcesBuildPhase section */

/* Begin PBXVariantGroup section */
		A1086BAF1AE6E82A004A75BC /* .travis.yml */ = {
			isa = PBXVariantGroup;
			children = (
				A1086BAE1AE6E82A004A75BC /* en */,
			);
			name = .travis.yml;
			sourceTree = "<group>";
		};
/* End PBXVariantGroup section */

/* Begin XCBuildConfiguration section */
		A1086BA81AE6DF94004A75BC /* Debug */ = {
			isa = XCBuildConfiguration;
			buildSettings = {
				ALWAYS_SEARCH_USER_PATHS = NO;
				CLANG_CXX_LANGUAGE_STANDARD = "gnu++0x";
				CLANG_CXX_LIBRARY = "libc++";
				CLANG_ENABLE_MODULES = YES;
				CLANG_ENABLE_OBJC_ARC = YES;
				CLANG_WARN_BOOL_CONVERSION = YES;
				CLANG_WARN_CONSTANT_CONVERSION = YES;
				CLANG_WARN_DIRECT_OBJC_ISA_USAGE = YES_ERROR;
				CLANG_WARN_EMPTY_BODY = YES;
				CLANG_WARN_ENUM_CONVERSION = YES;
				CLANG_WARN_INT_CONVERSION = YES;
				CLANG_WARN_OBJC_ROOT_CLASS = YES_ERROR;
				CLANG_WARN_UNREACHABLE_CODE = YES;
				CLANG_WARN__DUPLICATE_METHOD_MATCH = YES;
				COPY_PHASE_STRIP = NO;
				DEBUG_INFORMATION_FORMAT = dwarf;
				ENABLE_STRICT_OBJC_MSGSEND = YES;
				GCC_C_LANGUAGE_STANDARD = gnu99;
				GCC_DYNAMIC_NO_PIC = NO;
				GCC_NO_COMMON_BLOCKS = YES;
				GCC_OPTIMIZATION_LEVEL = 0;
				GCC_PREPROCESSOR_DEFINITIONS = (
					"DEBUG=1",
					"$(inherited)",
				);
				GCC_SYMBOLS_PRIVATE_EXTERN = NO;
				GCC_WARN_64_TO_32_BIT_CONVERSION = YES;
				GCC_WARN_ABOUT_RETURN_TYPE = YES_ERROR;
				GCC_WARN_UNDECLARED_SELECTOR = YES;
				GCC_WARN_UNINITIALIZED_AUTOS = YES_AGGRESSIVE;
				GCC_WARN_UNUSED_FUNCTION = YES;
				GCC_WARN_UNUSED_VARIABLE = YES;
				MACOSX_DEPLOYMENT_TARGET = 10.10;
				MTL_ENABLE_DEBUG_INFO = YES;
				ONLY_ACTIVE_ARCH = YES;
				SDKROOT = macosx;
			};
			name = Debug;
		};
		A1086BA91AE6DF94004A75BC /* Release */ = {
			isa = XCBuildConfiguration;
			buildSettings = {
				ALWAYS_SEARCH_USER_PATHS = NO;
				CLANG_CXX_LANGUAGE_STANDARD = "gnu++0x";
				CLANG_CXX_LIBRARY = "libc++";
				CLANG_ENABLE_MODULES = YES;
				CLANG_ENABLE_OBJC_ARC = YES;
				CLANG_WARN_BOOL_CONVERSION = YES;
				CLANG_WARN_CONSTANT_CONVERSION = YES;
				CLANG_WARN_DIRECT_OBJC_ISA_USAGE = YES_ERROR;
				CLANG_WARN_EMPTY_BODY = YES;
				CLANG_WARN_ENUM_CONVERSION = YES;
				CLANG_WARN_INT_CONVERSION = YES;
				CLANG_WARN_OBJC_ROOT_CLASS = YES_ERROR;
				CLANG_WARN_UNREACHABLE_CODE = YES;
				CLANG_WARN__DUPLICATE_METHOD_MATCH = YES;
				COPY_PHASE_STRIP = NO;
				DEBUG_INFORMATION_FORMAT = "dwarf-with-dsym";
				ENABLE_NS_ASSERTIONS = NO;
				ENABLE_STRICT_OBJC_MSGSEND = YES;
				GCC_C_LANGUAGE_STANDARD = gnu99;
				GCC_NO_COMMON_BLOCKS = YES;
				GCC_WARN_64_TO_32_BIT_CONVERSION = YES;
				GCC_WARN_ABOUT_RETURN_TYPE = YES_ERROR;
				GCC_WARN_UNDECLARED_SELECTOR = YES;
				GCC_WARN_UNINITIALIZED_AUTOS = YES_AGGRESSIVE;
				GCC_WARN_UNUSED_FUNCTION = YES;
				GCC_WARN_UNUSED_VARIABLE = YES;
				MACOSX_DEPLOYMENT_TARGET = 10.10;
				MTL_ENABLE_DEBUG_INFO = NO;
				SDKROOT = macosx;
			};
			name = Release;
		};
		A1086BAB1AE6DF94004A75BC /* Debug */ = {
			isa = XCBuildConfiguration;
			buildSettings = {
				PRODUCT_NAME = "$(TARGET_NAME)";
			};
			name = Debug;
		};
		A1086BAC1AE6DF94004A75BC /* Release */ = {
			isa = XCBuildConfiguration;
			buildSettings = {
				PRODUCT_NAME = "$(TARGET_NAME)";
			};
			name = Release;
		};
/* End XCBuildConfiguration section */

/* Begin XCConfigurationList section */
		A1086B9E1AE6DF94004A75BC /* Build configuration list for PBXProject "TravisTest" */ = {
			isa = XCConfigurationList;
			buildConfigurations = (
				A1086BA81AE6DF94004A75BC /* Debug */,
				A1086BA91AE6DF94004A75BC /* Release */,
			);
			defaultConfigurationIsVisible = 0;
			defaultConfigurationName = Release;
		};
		A1086BAA1AE6DF94004A75BC /* Build configuration list for PBXNativeTarget "TravisTest" */ = {
			isa = XCConfigurationList;
			buildConfigurations = (
				A1086BAB1AE6DF94004A75BC /* Debug */,
				A1086BAC1AE6DF94004A75BC /* Release */,
			);
			defaultConfigurationIsVisible = 0;
		};
/* End XCConfigurationList section */
	};
	rootObject = A1086B9B1AE6DF94004A75BC /* Project object */;
}
